
Microsoft Visual Studio Solution File, Format Version 12.00
# Visual Studio 15
VisualStudioVersion = 15.0.28307.705
MinimumVisualStudioVersion = 10.0.40219.1
Project("{8BC9CEB8-8B4A-11D0-8D11-00A0C91BC942}") = "test_rstracking", "test_rstracking\test_rstracking.vcxproj", "{C744D16F-3784-448C-BC7B-74DD99848719}"
EndProject
Project("{8BC9CEB8-8B4A-11D0-8D11-00A0C91BC942}") = "camerapose", "camerapose\camerapose.vcxproj", "{982F7371-1443-4BC2-9D9D-654C2F2B905C}"
EndProject
Project("{8BC9CEB8-8B4A-11D0-8D11-00A0C91BC942}") = "filereader", "filereader\filereader.vcxproj", "{BB4A523F-F4A7-4CF6-812F-141D95FFE99A}"
EndProject
Project("{8BC9CEB8-8B4A-11D0-8D11-00A0C91BC942}") = "rslam", "rslam\rslam.vcxproj", "{B099967F-AD1C-4ABD-B61D-36ADF012A8AD}"
EndProject
Project("{8BC9CEB8-8B4A-11D0-8D11-00A0C91BC942}") = "viewer", "viewer\viewer.vcxproj", "{2842B4B2-D769-4399-8D04-30FFD563A01E}"
EndProject
Project("{8BC9CEB8-8B4A-11D0-8D11-00A0C91BC942}") = "upsampling", "upsampling\upsampling.vcxproj", "{FB55D582-6606-45E3-95CA-5CBE2115FCC2}"
EndProject
Project("{8BC9CEB8-8B4A-11D0-8D11-00A0C91BC942}") = "tslam", "tslam\tslam.vcxproj", "{33B1552F-AF3B-4F41-981E-A58E75E4AA18}"
EndProject
Project("{8BC9CEB8-8B4A-11D0-8D11-00A0C91BC942}") = "stereo", "stereo\stereo.vcxproj", "{A9AF226F-AD17-4B03-AC5B-C68A297E1919}"
EndProject
Project("{8BC9CEB8-8B4A-11D0-8D11-00A0C91BC942}") = "matlab", "matlab\matlab.vcxproj", "{4C5B9AD6-EF80-420A-BCC2-1B5C513864AD}"
EndProject
Project("{8BC9CEB8-8B4A-11D0-8D11-00A0C91BC942}") = "stereotgv", "stereotgv\stereotgv.vcxproj", "{BC130900-E36B-4F95-8089-EACBCD4A56A3}"
EndProject
Project("{8BC9CEB8-8B4A-11D0-8D11-00A0C91BC942}") = "test_fisheyestereo", "test_fisheyestereo\test_fisheyestereo.vcxproj", "{4CDB33B4-FB6F-4C9F-8CA4-269D1D010679}"
EndProject
Project("{8BC9CEB8-8B4A-11D0-8D11-00A0C91BC942}") = "stereolite", "stereolite\stereolite.vcxproj", "{A58FA226-8D96-450F-9CD5-7D82408168E6}"
EndProject
Project("{8BC9CEB8-8B4A-11D0-8D11-00A0C91BC942}") = "test_pixpro", "test_pixpro\test_pixpro.vcxproj", "{082CA419-4D31-4C66-A5CF-884BC481A5BE}"
EndProject
Project("{8BC9CEB8-8B4A-11D0-8D11-00A0C91BC942}") = "directalignment", "directalignment\directalignment.vcxproj", "{B7B870F5-7913-43D9-BAF8-7BFF524FA3F4}"
EndProject
Project("{8BC9CEB8-8B4A-11D0-8D11-00A0C91BC942}") = "test_directalignment", "test_directalignment\test_directalignment.vcxproj", "{3F57A01B-AD58-477E-B848-1F9C8E603803}"
EndProject
Project("{8BC9CEB8-8B4A-11D0-8D11-00A0C91BC942}") = "opticalflow", "opticalflow\opticalflow.vcxproj", "{27ADA003-C94E-4F85-9163-1C875C9F0F3C}"
EndProject
Global
	GlobalSection(SolutionConfigurationPlatforms) = preSolution
		Debug|x64 = Debug|x64
		Debug|x86 = Debug|x86
		Release|x64 = Release|x64
		Release|x86 = Release|x86
	EndGlobalSection
	GlobalSection(ProjectConfigurationPlatforms) = postSolution
		{C744D16F-3784-448C-BC7B-74DD99848719}.Debug|x64.ActiveCfg = Debug|x64
		{C744D16F-3784-448C-BC7B-74DD99848719}.Debug|x64.Build.0 = Debug|x64
		{C744D16F-3784-448C-BC7B-74DD99848719}.Debug|x86.ActiveCfg = Debug|Win32
		{C744D16F-3784-448C-BC7B-74DD99848719}.Debug|x86.Build.0 = Debug|Win32
		{C744D16F-3784-448C-BC7B-74DD99848719}.Release|x64.ActiveCfg = Release|x64
		{C744D16F-3784-448C-BC7B-74DD99848719}.Release|x64.Build.0 = Release|x64
		{C744D16F-3784-448C-BC7B-74DD99848719}.Release|x86.ActiveCfg = Release|Win32
		{C744D16F-3784-448C-BC7B-74DD99848719}.Release|x86.Build.0 = Release|Win32
		{982F7371-1443-4BC2-9D9D-654C2F2B905C}.Debug|x64.ActiveCfg = Debug|x64
		{982F7371-1443-4BC2-9D9D-654C2F2B905C}.Debug|x64.Build.0 = Debug|x64
		{982F7371-1443-4BC2-9D9D-654C2F2B905C}.Debug|x86.ActiveCfg = Debug|Win32
		{982F7371-1443-4BC2-9D9D-654C2F2B905C}.Debug|x86.Build.0 = Debug|Win32
		{982F7371-1443-4BC2-9D9D-654C2F2B905C}.Release|x64.ActiveCfg = Release|x64
		{982F7371-1443-4BC2-9D9D-654C2F2B905C}.Release|x64.Build.0 = Release|x64
		{982F7371-1443-4BC2-9D9D-654C2F2B905C}.Release|x86.ActiveCfg = Release|Win32
		{982F7371-1443-4BC2-9D9D-654C2F2B905C}.Release|x86.Build.0 = Release|Win32
		{BB4A523F-F4A7-4CF6-812F-141D95FFE99A}.Debug|x64.ActiveCfg = Debug|x64
		{BB4A523F-F4A7-4CF6-812F-141D95FFE99A}.Debug|x64.Build.0 = Debug|x64
		{BB4A523F-F4A7-4CF6-812F-141D95FFE99A}.Debug|x86.ActiveCfg = Debug|Win32
		{BB4A523F-F4A7-4CF6-812F-141D95FFE99A}.Debug|x86.Build.0 = Debug|Win32
		{BB4A523F-F4A7-4CF6-812F-141D95FFE99A}.Release|x64.ActiveCfg = Release|x64
		{BB4A523F-F4A7-4CF6-812F-141D95FFE99A}.Release|x64.Build.0 = Release|x64
		{BB4A523F-F4A7-4CF6-812F-141D95FFE99A}.Release|x86.ActiveCfg = Release|Win32
		{BB4A523F-F4A7-4CF6-812F-141D95FFE99A}.Release|x86.Build.0 = Release|Win32
		{B099967F-AD1C-4ABD-B61D-36ADF012A8AD}.Debug|x64.ActiveCfg = Debug|x64
		{B099967F-AD1C-4ABD-B61D-36ADF012A8AD}.Debug|x64.Build.0 = Debug|x64
		{B099967F-AD1C-4ABD-B61D-36ADF012A8AD}.Debug|x86.ActiveCfg = Debug|Win32
		{B099967F-AD1C-4ABD-B61D-36ADF012A8AD}.Debug|x86.Build.0 = Debug|Win32
		{B099967F-AD1C-4ABD-B61D-36ADF012A8AD}.Release|x64.ActiveCfg = Release|x64
		{B099967F-AD1C-4ABD-B61D-36ADF012A8AD}.Release|x64.Build.0 = Release|x64
		{B099967F-AD1C-4ABD-B61D-36ADF012A8AD}.Release|x86.ActiveCfg = Release|Win32
		{B099967F-AD1C-4ABD-B61D-36ADF012A8AD}.Release|x86.Build.0 = Release|Win32
		{2842B4B2-D769-4399-8D04-30FFD563A01E}.Debug|x64.ActiveCfg = Debug|x64
		{2842B4B2-D769-4399-8D04-30FFD563A01E}.Debug|x64.Build.0 = Debug|x64
		{2842B4B2-D769-4399-8D04-30FFD563A01E}.Debug|x86.ActiveCfg = Debug|Win32
		{2842B4B2-D769-4399-8D04-30FFD563A01E}.Debug|x86.Build.0 = Debug|Win32
		{2842B4B2-D769-4399-8D04-30FFD563A01E}.Release|x64.ActiveCfg = Release|x64
		{2842B4B2-D769-4399-8D04-30FFD563A01E}.Release|x64.Build.0 = Release|x64
		{2842B4B2-D769-4399-8D04-30FFD563A01E}.Release|x86.ActiveCfg = Release|Win32
		{2842B4B2-D769-4399-8D04-30FFD563A01E}.Release|x86.Build.0 = Release|Win32
		{FB55D582-6606-45E3-95CA-5CBE2115FCC2}.Debug|x64.ActiveCfg = Debug|x64
		{FB55D582-6606-45E3-95CA-5CBE2115FCC2}.Debug|x64.Build.0 = Debug|x64
		{FB55D582-6606-45E3-95CA-5CBE2115FCC2}.Debug|x86.ActiveCfg = Debug|Win32
		{FB55D582-6606-45E3-95CA-5CBE2115FCC2}.Debug|x86.Build.0 = Debug|Win32
		{FB55D582-6606-45E3-95CA-5CBE2115FCC2}.Release|x64.ActiveCfg = Release|x64
		{FB55D582-6606-45E3-95CA-5CBE2115FCC2}.Release|x64.Build.0 = Release|x64
		{FB55D582-6606-45E3-95CA-5CBE2115FCC2}.Release|x86.ActiveCfg = Release|Win32
		{FB55D582-6606-45E3-95CA-5CBE2115FCC2}.Release|x86.Build.0 = Release|Win32
		{33B1552F-AF3B-4F41-981E-A58E75E4AA18}.Debug|x64.ActiveCfg = Debug|x64
		{33B1552F-AF3B-4F41-981E-A58E75E4AA18}.Debug|x64.Build.0 = Debug|x64
		{33B1552F-AF3B-4F41-981E-A58E75E4AA18}.Debug|x86.ActiveCfg = Debug|Win32
		{33B1552F-AF3B-4F41-981E-A58E75E4AA18}.Debug|x86.Build.0 = Debug|Win32
		{33B1552F-AF3B-4F41-981E-A58E75E4AA18}.Release|x64.ActiveCfg = Release|x64
		{33B1552F-AF3B-4F41-981E-A58E75E4AA18}.Release|x64.Build.0 = Release|x64
		{33B1552F-AF3B-4F41-981E-A58E75E4AA18}.Release|x86.ActiveCfg = Release|Win32
		{33B1552F-AF3B-4F41-981E-A58E75E4AA18}.Release|x86.Build.0 = Release|Win32
		{A9AF226F-AD17-4B03-AC5B-C68A297E1919}.Debug|x64.ActiveCfg = Debug|x64
		{A9AF226F-AD17-4B03-AC5B-C68A297E1919}.Debug|x64.Build.0 = Debug|x64
		{A9AF226F-AD17-4B03-AC5B-C68A297E1919}.Debug|x86.ActiveCfg = Debug|Win32
		{A9AF226F-AD17-4B03-AC5B-C68A297E1919}.Debug|x86.Build.0 = Debug|Win32
		{A9AF226F-AD17-4B03-AC5B-C68A297E1919}.Release|x64.ActiveCfg = Release|x64
		{A9AF226F-AD17-4B03-AC5B-C68A297E1919}.Release|x64.Build.0 = Release|x64
		{A9AF226F-AD17-4B03-AC5B-C68A297E1919}.Release|x86.ActiveCfg = Release|Win32
		{A9AF226F-AD17-4B03-AC5B-C68A297E1919}.Release|x86.Build.0 = Release|Win32
		{4C5B9AD6-EF80-420A-BCC2-1B5C513864AD}.Debug|x64.ActiveCfg = Debug|x64
		{4C5B9AD6-EF80-420A-BCC2-1B5C513864AD}.Debug|x64.Build.0 = Debug|x64
		{4C5B9AD6-EF80-420A-BCC2-1B5C513864AD}.Debug|x86.ActiveCfg = Debug|Win32
		{4C5B9AD6-EF80-420A-BCC2-1B5C513864AD}.Debug|x86.Build.0 = Debug|Win32
		{4C5B9AD6-EF80-420A-BCC2-1B5C513864AD}.Release|x64.ActiveCfg = Release|x64
		{4C5B9AD6-EF80-420A-BCC2-1B5C513864AD}.Release|x64.Build.0 = Release|x64
		{4C5B9AD6-EF80-420A-BCC2-1B5C513864AD}.Release|x86.ActiveCfg = Release|Win32
		{4C5B9AD6-EF80-420A-BCC2-1B5C513864AD}.Release|x86.Build.0 = Release|Win32
		{BC130900-E36B-4F95-8089-EACBCD4A56A3}.Debug|x64.ActiveCfg = Debug|x64
		{BC130900-E36B-4F95-8089-EACBCD4A56A3}.Debug|x64.Build.0 = Debug|x64
		{BC130900-E36B-4F95-8089-EACBCD4A56A3}.Debug|x86.ActiveCfg = Debug|Win32
		{BC130900-E36B-4F95-8089-EACBCD4A56A3}.Debug|x86.Build.0 = Debug|Win32
		{BC130900-E36B-4F95-8089-EACBCD4A56A3}.Release|x64.ActiveCfg = Release|x64
		{BC130900-E36B-4F95-8089-EACBCD4A56A3}.Release|x64.Build.0 = Release|x64
		{BC130900-E36B-4F95-8089-EACBCD4A56A3}.Release|x86.ActiveCfg = Release|Win32
		{BC130900-E36B-4F95-8089-EACBCD4A56A3}.Release|x86.Build.0 = Release|Win32
		{4CDB33B4-FB6F-4C9F-8CA4-269D1D010679}.Debug|x64.ActiveCfg = Debug|x64
		{4CDB33B4-FB6F-4C9F-8CA4-269D1D010679}.Debug|x64.Build.0 = Debug|x64
		{4CDB33B4-FB6F-4C9F-8CA4-269D1D010679}.Debug|x86.ActiveCfg = Debug|Win32
		{4CDB33B4-FB6F-4C9F-8CA4-269D1D010679}.Debug|x86.Build.0 = Debug|Win32
		{4CDB33B4-FB6F-4C9F-8CA4-269D1D010679}.Release|x64.ActiveCfg = Release|x64
		{4CDB33B4-FB6F-4C9F-8CA4-269D1D010679}.Release|x64.Build.0 = Release|x64
		{4CDB33B4-FB6F-4C9F-8CA4-269D1D010679}.Release|x86.ActiveCfg = Release|Win32
		{4CDB33B4-FB6F-4C9F-8CA4-269D1D010679}.Release|x86.Build.0 = Release|Win32
		{A58FA226-8D96-450F-9CD5-7D82408168E6}.Debug|x64.ActiveCfg = Debug|x64
		{A58FA226-8D96-450F-9CD5-7D82408168E6}.Debug|x64.Build.0 = Debug|x64
		{A58FA226-8D96-450F-9CD5-7D82408168E6}.Debug|x86.ActiveCfg = Debug|Win32
		{A58FA226-8D96-450F-9CD5-7D82408168E6}.Debug|x86.Build.0 = Debug|Win32
		{A58FA226-8D96-450F-9CD5-7D82408168E6}.Release|x64.ActiveCfg = Release|x64
		{A58FA226-8D96-450F-9CD5-7D82408168E6}.Release|x64.Build.0 = Release|x64
		{A58FA226-8D96-450F-9CD5-7D82408168E6}.Release|x86.ActiveCfg = Release|Win32
		{A58FA226-8D96-450F-9CD5-7D82408168E6}.Release|x86.Build.0 = Release|Win32
		{082CA419-4D31-4C66-A5CF-884BC481A5BE}.Debug|x64.ActiveCfg = Debug|x64
		{082CA419-4D31-4C66-A5CF-884BC481A5BE}.Debug|x64.Build.0 = Debug|x64
		{082CA419-4D31-4C66-A5CF-884BC481A5BE}.Debug|x86.ActiveCfg = Debug|Win32
		{082CA419-4D31-4C66-A5CF-884BC481A5BE}.Debug|x86.Build.0 = Debug|Win32
		{082CA419-4D31-4C66-A5CF-884BC481A5BE}.Release|x64.ActiveCfg = Release|x64
		{082CA419-4D31-4C66-A5CF-884BC481A5BE}.Release|x64.Build.0 = Release|x64
		{082CA419-4D31-4C66-A5CF-884BC481A5BE}.Release|x86.ActiveCfg = Release|Win32
		{082CA419-4D31-4C66-A5CF-884BC481A5BE}.Release|x86.Build.0 = Release|Win32
		{B7B870F5-7913-43D9-BAF8-7BFF524FA3F4}.Debug|x64.ActiveCfg = Debug|x64
		{B7B870F5-7913-43D9-BAF8-7BFF524FA3F4}.Debug|x64.Build.0 = Debug|x64
		{B7B870F5-7913-43D9-BAF8-7BFF524FA3F4}.Debug|x86.ActiveCfg = Debug|Win32
		{B7B870F5-7913-43D9-BAF8-7BFF524FA3F4}.Debug|x86.Build.0 = Debug|Win32
		{B7B870F5-7913-43D9-BAF8-7BFF524FA3F4}.Release|x64.ActiveCfg = Release|x64
		{B7B870F5-7913-43D9-BAF8-7BFF524FA3F4}.Release|x64.Build.0 = Release|x64
		{B7B870F5-7913-43D9-BAF8-7BFF524FA3F4}.Release|x86.ActiveCfg = Release|Win32
		{B7B870F5-7913-43D9-BAF8-7BFF524FA3F4}.Release|x86.Build.0 = Release|Win32
		{3F57A01B-AD58-477E-B848-1F9C8E603803}.Debug|x64.ActiveCfg = Debug|x64
		{3F57A01B-AD58-477E-B848-1F9C8E603803}.Debug|x64.Build.0 = Debug|x64
		{3F57A01B-AD58-477E-B848-1F9C8E603803}.Debug|x86.ActiveCfg = Debug|Win32
		{3F57A01B-AD58-477E-B848-1F9C8E603803}.Debug|x86.Build.0 = Debug|Win32
		{3F57A01B-AD58-477E-B848-1F9C8E603803}.Release|x64.ActiveCfg = Release|x64
		{3F57A01B-AD58-477E-B848-1F9C8E603803}.Release|x64.Build.0 = Release|x64
		{3F57A01B-AD58-477E-B848-1F9C8E603803}.Release|x86.ActiveCfg = Release|Win32
		{3F57A01B-AD58-477E-B848-1F9C8E603803}.Release|x86.Build.0 = Release|Win32
		{27ADA003-C94E-4F85-9163-1C875C9F0F3C}.Debug|x64.ActiveCfg = Debug|x64
		{27ADA003-C94E-4F85-9163-1C875C9F0F3C}.Debug|x64.Build.0 = Debug|x64
		{27ADA003-C94E-4F85-9163-1C875C9F0F3C}.Debug|x86.ActiveCfg = Debug|Win32
		{27ADA003-C94E-4F85-9163-1C875C9F0F3C}.Debug|x86.Build.0 = Debug|Win32
		{27ADA003-C94E-4F85-9163-1C875C9F0F3C}.Release|x64.ActiveCfg = Release|x64
		{27ADA003-C94E-4F85-9163-1C875C9F0F3C}.Release|x64.Build.0 = Release|x64
		{27ADA003-C94E-4F85-9163-1C875C9F0F3C}.Release|x86.ActiveCfg = Release|Win32
		{27ADA003-C94E-4F85-9163-1C875C9F0F3C}.Release|x86.Build.0 = Release|Win32
	EndGlobalSection
	GlobalSection(SolutionProperties) = preSolution
		HideSolutionNode = FALSE
	EndGlobalSection
	GlobalSection(ExtensibilityGlobals) = postSolution
		SolutionGuid = {D96EB76A-95A0-432D-B310-62FEB3A4A211}
	EndGlobalSection
EndGlobal
